{
  "name": "@snorresovold/pocketsync",
  "version": "1.0.0",
  "lockfileVersion": 2,
  "requires": true,
  "packages": {
    "": {
      "name": "@snorresovold/pocketsync",
      "version": "1.0.0",
      "license": "MIT",
      "dependencies": {
        "pocketbase": "^0.12.0"
      }
    },
    "node_modules/pocketbase": {
      "version": "0.12.0",
      "resolved": "https://registry.npmjs.org/pocketbase/-/pocketbase-0.12.0.tgz",
      "integrity": "sha512-q+a9siWZisQu50dex6oZP0Xqxden9DDL1JalopVdkHntGHyBBcbcASPowaA8A0bO5grPjN1wSHnInwP+UuCp9A=="
    }
  },
  "dependencies": {
    "pocketbase": {
      "version": "0.12.0",
      "resolved": "https://registry.npmjs.org/pocketbase/-/pocketbase-0.12.0.tgz",
      "integrity": "sha512-q+a9siWZisQu50dex6oZP0Xqxden9DDL1JalopVdkHntGHyBBcbcASPowaA8A0bO5grPjN1wSHnInwP+UuCp9A=="
    }
  }
}
